
Microsoft Visual Studio Solution File, Format Version 12.00
# Visual Studio Version 17
VisualStudioVersion = 17.7.34024.191
MinimumVisualStudioVersion = 10.0.40219.1
Project("{FAE04EC0-301F-11D3-BF4B-00C04F79EFBC}") = "SquereProject.Server", "Server\SquereProject.Server.csproj", "{8C057562-F003-4B2D-97A8-6284FD2B2F23}"
EndProject
Project("{FAE04EC0-301F-11D3-BF4B-00C04F79EFBC}") = "SquereProject.Client", "Client\SquereProject.Client.csproj", "{0A73321A-DC98-4440-9AF1-A2F6F4D86A2B}"
EndProject
Project("{FAE04EC0-301F-11D3-BF4B-00C04F79EFBC}") = "SquereProject.Shared", "Shared\SquereProject.Shared.csproj", "{8BD8877F-F970-4AEA-80DC-6519D786A3DA}"
EndProject
Global
	GlobalSection(SolutionConfigurationPlatforms) = preSolution
		Debug|Any CPU = Debug|Any CPU
		Release|Any CPU = Release|Any CPU
	EndGlobalSection
	GlobalSection(ProjectConfigurationPlatforms) = postSolution
		{8C057562-F003-4B2D-97A8-6284FD2B2F23}.Debug|Any CPU.ActiveCfg = Debug|Any CPU
		{8C057562-F003-4B2D-97A8-6284FD2B2F23}.Debug|Any CPU.Build.0 = Debug|Any CPU
		{8C057562-F003-4B2D-97A8-6284FD2B2F23}.Release|Any CPU.ActiveCfg = Release|Any CPU
		{8C057562-F003-4B2D-97A8-6284FD2B2F23}.Release|Any CPU.Build.0 = Release|Any CPU
		{0A73321A-DC98-4440-9AF1-A2F6F4D86A2B}.Debug|Any CPU.ActiveCfg = Debug|Any CPU
		{0A73321A-DC98-4440-9AF1-A2F6F4D86A2B}.Debug|Any CPU.Build.0 = Debug|Any CPU
		{0A73321A-DC98-4440-9AF1-A2F6F4D86A2B}.Release|Any CPU.ActiveCfg = Release|Any CPU
		{0A73321A-DC98-4440-9AF1-A2F6F4D86A2B}.Release|Any CPU.Build.0 = Release|Any CPU
		{8BD8877F-F970-4AEA-80DC-6519D786A3DA}.Debug|Any CPU.ActiveCfg = Debug|Any CPU
		{8BD8877F-F970-4AEA-80DC-6519D786A3DA}.Debug|Any CPU.Build.0 = Debug|Any CPU
		{8BD8877F-F970-4AEA-80DC-6519D786A3DA}.Release|Any CPU.ActiveCfg = Release|Any CPU
		{8BD8877F-F970-4AEA-80DC-6519D786A3DA}.Release|Any CPU.Build.0 = Release|Any CPU
	EndGlobalSection
	GlobalSection(SolutionProperties) = preSolution
		HideSolutionNode = FALSE
	EndGlobalSection
	GlobalSection(ExtensibilityGlobals) = postSolution
		SolutionGuid = {BDAC5C03-21AA-45EA-9A7E-AA92F0A25635}
	EndGlobalSection
EndGlobal
